
Microsoft Visual Studio Solution File, Format Version 12.00
# Visual Studio Version 17
VisualStudioVersion = 17.12.35514.174
MinimumVisualStudioVersion = 10.0.40219.1
Project("{E53339B2-1760-4266-BCC7-CA923CBCF16C}") = "docker-compose", "docker-compose.dcproj", "{D5EE8CCA-D547-420A-B803-E7ACAC37825B}"
EndProject
Project("{2150E333-8FDC-42A3-9474-1A3956D46DE8}") = "Solution Items", "Solution Items", "{A66D65D3-7F78-44A9-AA20-7263231E3FF5}"
	ProjectSection(SolutionItems) = preProject
		.env = .env
		cli.txt = cli.txt
	EndProjectSection
EndProject
Project("{FAE04EC0-301F-11D3-BF4B-00C04F79EFBC}") = "DigiBanter.Api", "DigiBanter.Api\DigiBanter.Api.csproj", "{B402C7C2-1448-45E7-A3C1-8AE0AFD4DB50}"
EndProject
Project("{FAE04EC0-301F-11D3-BF4B-00C04F79EFBC}") = "DigiBanter.Application", "DigiBanter.Application\DigiBanter.Application.csproj", "{356EB73B-B32A-4E70-964D-21F05B7AF445}"
EndProject
Project("{FAE04EC0-301F-11D3-BF4B-00C04F79EFBC}") = "DigiBanter.DataAccess", "DigiBanter.DataAccess\DigiBanter.DataAccess.csproj", "{FE9D14BB-2584-4E3D-A400-399114BDD1FE}"
EndProject
Project("{FAE04EC0-301F-11D3-BF4B-00C04F79EFBC}") = "DigiBanter.Domain", "DigiBanter.Domain\DigiBanter.Domain.csproj", "{0DC991E9-8F07-48FE-BABD-618EC3FB5B47}"
EndProject
Project("{FAE04EC0-301F-11D3-BF4B-00C04F79EFBC}") = "DigiBanter.Localization", "DigiBanter.Localization\DigiBanter.Localization.csproj", "{1F201EA4-4E27-4A03-8F58-FCCBF6FB3E0B}"
EndProject
Project("{FAE04EC0-301F-11D3-BF4B-00C04F79EFBC}") = "DigiBanter.Shared", "DigiBanter.Shared\DigiBanter.Shared.csproj", "{8115C07B-9E2B-4E50-A446-AF43616CB364}"
EndProject
Project("{FAE04EC0-301F-11D3-BF4B-00C04F79EFBC}") = "DigiBanter.Web", "DigiBanter.Web\DigiBanter.Web.csproj", "{DA04609E-B39B-49C8-A5B3-F2225AADB7BD}"
EndProject
Project("{FAE04EC0-301F-11D3-BF4B-00C04F79EFBC}") = "DigiBanter.Web.Client", "DigiBanter.Web.Client\DigiBanter.Web.Client.csproj", "{3CE2E2A3-D77F-4C97-BC4C-A46356A30E69}"
EndProject
Project("{FAE04EC0-301F-11D3-BF4B-00C04F79EFBC}") = "DigiBanter.Auth", "DigiBanter.Auth\DigiBanter.Auth.csproj", "{CA8513A3-1481-4D44-8679-66D5700F817D}"
EndProject
Project("{FAE04EC0-301F-11D3-BF4B-00C04F79EFBC}") = "DigiBanter.Admin", "DigiBanter.Admin\DigiBanter.Admin.csproj", "{8F609A7F-6435-4965-AF82-16E38500609D}"
EndProject
Global
	GlobalSection(SolutionConfigurationPlatforms) = preSolution
		Debug|Any CPU = Debug|Any CPU
		Release|Any CPU = Release|Any CPU
	EndGlobalSection
	GlobalSection(ProjectConfigurationPlatforms) = postSolution
		{D5EE8CCA-D547-420A-B803-E7ACAC37825B}.Debug|Any CPU.ActiveCfg = Debug|Any CPU
		{D5EE8CCA-D547-420A-B803-E7ACAC37825B}.Debug|Any CPU.Build.0 = Debug|Any CPU
		{D5EE8CCA-D547-420A-B803-E7ACAC37825B}.Release|Any CPU.ActiveCfg = Release|Any CPU
		{D5EE8CCA-D547-420A-B803-E7ACAC37825B}.Release|Any CPU.Build.0 = Release|Any CPU
		{B402C7C2-1448-45E7-A3C1-8AE0AFD4DB50}.Debug|Any CPU.ActiveCfg = Debug|Any CPU
		{B402C7C2-1448-45E7-A3C1-8AE0AFD4DB50}.Debug|Any CPU.Build.0 = Debug|Any CPU
		{B402C7C2-1448-45E7-A3C1-8AE0AFD4DB50}.Release|Any CPU.ActiveCfg = Release|Any CPU
		{B402C7C2-1448-45E7-A3C1-8AE0AFD4DB50}.Release|Any CPU.Build.0 = Release|Any CPU
		{356EB73B-B32A-4E70-964D-21F05B7AF445}.Debug|Any CPU.ActiveCfg = Debug|Any CPU
		{356EB73B-B32A-4E70-964D-21F05B7AF445}.Debug|Any CPU.Build.0 = Debug|Any CPU
		{356EB73B-B32A-4E70-964D-21F05B7AF445}.Release|Any CPU.ActiveCfg = Release|Any CPU
		{356EB73B-B32A-4E70-964D-21F05B7AF445}.Release|Any CPU.Build.0 = Release|Any CPU
		{FE9D14BB-2584-4E3D-A400-399114BDD1FE}.Debug|Any CPU.ActiveCfg = Debug|Any CPU
		{FE9D14BB-2584-4E3D-A400-399114BDD1FE}.Debug|Any CPU.Build.0 = Debug|Any CPU
		{FE9D14BB-2584-4E3D-A400-399114BDD1FE}.Release|Any CPU.ActiveCfg = Release|Any CPU
		{FE9D14BB-2584-4E3D-A400-399114BDD1FE}.Release|Any CPU.Build.0 = Release|Any CPU
		{0DC991E9-8F07-48FE-BABD-618EC3FB5B47}.Debug|Any CPU.ActiveCfg = Debug|Any CPU
		{0DC991E9-8F07-48FE-BABD-618EC3FB5B47}.Debug|Any CPU.Build.0 = Debug|Any CPU
		{0DC991E9-8F07-48FE-BABD-618EC3FB5B47}.Release|Any CPU.ActiveCfg = Release|Any CPU
		{0DC991E9-8F07-48FE-BABD-618EC3FB5B47}.Release|Any CPU.Build.0 = Release|Any CPU
		{1F201EA4-4E27-4A03-8F58-FCCBF6FB3E0B}.Debug|Any CPU.ActiveCfg = Debug|Any CPU
		{1F201EA4-4E27-4A03-8F58-FCCBF6FB3E0B}.Debug|Any CPU.Build.0 = Debug|Any CPU
		{1F201EA4-4E27-4A03-8F58-FCCBF6FB3E0B}.Release|Any CPU.ActiveCfg = Release|Any CPU
		{1F201EA4-4E27-4A03-8F58-FCCBF6FB3E0B}.Release|Any CPU.Build.0 = Release|Any CPU
		{8115C07B-9E2B-4E50-A446-AF43616CB364}.Debug|Any CPU.ActiveCfg = Debug|Any CPU
		{8115C07B-9E2B-4E50-A446-AF43616CB364}.Debug|Any CPU.Build.0 = Debug|Any CPU
		{8115C07B-9E2B-4E50-A446-AF43616CB364}.Release|Any CPU.ActiveCfg = Release|Any CPU
		{8115C07B-9E2B-4E50-A446-AF43616CB364}.Release|Any CPU.Build.0 = Release|Any CPU
		{DA04609E-B39B-49C8-A5B3-F2225AADB7BD}.Debug|Any CPU.ActiveCfg = Debug|Any CPU
		{DA04609E-B39B-49C8-A5B3-F2225AADB7BD}.Debug|Any CPU.Build.0 = Debug|Any CPU
		{DA04609E-B39B-49C8-A5B3-F2225AADB7BD}.Release|Any CPU.ActiveCfg = Release|Any CPU
		{DA04609E-B39B-49C8-A5B3-F2225AADB7BD}.Release|Any CPU.Build.0 = Release|Any CPU
		{3CE2E2A3-D77F-4C97-BC4C-A46356A30E69}.Debug|Any CPU.ActiveCfg = Debug|Any CPU
		{3CE2E2A3-D77F-4C97-BC4C-A46356A30E69}.Debug|Any CPU.Build.0 = Debug|Any CPU
		{3CE2E2A3-D77F-4C97-BC4C-A46356A30E69}.Release|Any CPU.ActiveCfg = Release|Any CPU
		{3CE2E2A3-D77F-4C97-BC4C-A46356A30E69}.Release|Any CPU.Build.0 = Release|Any CPU
		{CA8513A3-1481-4D44-8679-66D5700F817D}.Debug|Any CPU.ActiveCfg = Debug|Any CPU
		{CA8513A3-1481-4D44-8679-66D5700F817D}.Debug|Any CPU.Build.0 = Debug|Any CPU
		{CA8513A3-1481-4D44-8679-66D5700F817D}.Release|Any CPU.ActiveCfg = Release|Any CPU
		{CA8513A3-1481-4D44-8679-66D5700F817D}.Release|Any CPU.Build.0 = Release|Any CPU
		{8F609A7F-6435-4965-AF82-16E38500609D}.Debug|Any CPU.ActiveCfg = Debug|Any CPU
		{8F609A7F-6435-4965-AF82-16E38500609D}.Debug|Any CPU.Build.0 = Debug|Any CPU
		{8F609A7F-6435-4965-AF82-16E38500609D}.Release|Any CPU.ActiveCfg = Release|Any CPU
		{8F609A7F-6435-4965-AF82-16E38500609D}.Release|Any CPU.Build.0 = Release|Any CPU
	EndGlobalSection
	GlobalSection(SolutionProperties) = preSolution
		HideSolutionNode = FALSE
	EndGlobalSection
EndGlobal
